{
  "name": "group",
  "lockfileVersion": 3,
  "requires": true,
  "packages": {
    "": {
      "devDependencies": {
        "miniprogram-api-typings": "^4.0.7"
      }
    },
    "node_modules/miniprogram-api-typings": {
      "version": "4.0.7",
      "resolved": "https://registry.npmjs.org/miniprogram-api-typings/-/miniprogram-api-typings-4.0.7.tgz",
      "integrity": "sha512-sUxqpA1+JxnDWYjO6ihiLWNJl94WzjlhnDpozfBeC+w8Mpejjsc8JuxyC3Xisimj/gp5OYaJ7nd4fM6wepzhEQ==",
      "dev": true,
      "license": "MIT"
    }
  }
}
